{
    "_meta": {
        "hash": {
            "sha256": "e5537e05a7fd1114ce3ccb4e186765a26153c35a9c0acce5fd0bd7afb5b06fcf"
        },
        "host-environment-markers": {
            "implementation_name": "cpython",
            "implementation_version": "0",
            "os_name": "posix",
            "platform_machine": "x86_64",
            "platform_python_implementation": "CPython",
            "platform_release": "4.13.0-43-generic",
            "platform_system": "Linux",
            "platform_version": "#48~16.04.1-Ubuntu SMP Thu May 17 12:56:46 UTC 2018",
            "python_full_version": "2.7.12",
            "python_version": "2.7",
            "sys_platform": "linux2"
        },
        "pipfile-spec": 6,
        "requires": {},
        "sources": [
            {
                "name": "pypi",
                "url": "https://pypi.tuna.tsinghua.edu.cn/simple",
                "verify_ssl": true
            }
        ]
    },
    "default": {
        "selenium": {
            "hashes": [],
            "version": "==3.12.0"
        }
    },
    "develop": {}
}
